// !$*UTF8*$!
{
	archiveVersion = 1;
	classes = {
	};
	objectVersion = 50;
	objects = {

/* Begin PBXBuildFile section */
		C44AB91A2512590B00E08E96 /* AppDelegate.swift in Sources */ = {isa = PBXBuildFile; fileRef = C44AB9192512590B00E08E96 /* AppDelegate.swift */; };
		C44AB91C2512590B00E08E96 /* SceneDelegate.swift in Sources */ = {isa = PBXBuildFile; fileRef = C44AB91B2512590B00E08E96 /* SceneDelegate.swift */; };
		C44AB91E2512590B00E08E96 /* ViewController.swift in Sources */ = {isa = PBXBuildFile; fileRef = C44AB91D2512590B00E08E96 /* ViewController.swift */; };
		C44AB9212512590B00E08E96 /* Main.storyboard in Resources */ = {isa = PBXBuildFile; fileRef = C44AB91F2512590B00E08E96 /* Main.storyboard */; };
		C44AB9262512591400E08E96 /* LaunchScreen.storyboard in Resources */ = {isa = PBXBuildFile; fileRef = C44AB9242512591400E08E96 /* LaunchScreen.storyboard */; };
		C44AB93325125CE300E08E96 /* RecordController.swift in Sources */ = {isa = PBXBuildFile; fileRef = C44AB93225125CE300E08E96 /* RecordController.swift */; };
		C44AB93625125CF700E08E96 /* AudioListController.swift in Sources */ = {isa = PBXBuildFile; fileRef = C44AB93525125CF700E08E96 /* AudioListController.swift */; };
		C44AB93925125D2E00E08E96 /* Extention.swift in Sources */ = {isa = PBXBuildFile; fileRef = C44AB93825125D2E00E08E96 /* Extention.swift */; };
		C44AB93B2512623E00E08E96 /* Constants.swift in Sources */ = {isa = PBXBuildFile; fileRef = C44AB93A2512623E00E08E96 /* Constants.swift */; };
		C44AB93D251265AC00E08E96 /* Assets.xcassets in Resources */ = {isa = PBXBuildFile; fileRef = C44AB93C251265AC00E08E96 /* Assets.xcassets */; };
/* End PBXBuildFile section */

/* Begin PBXFileReference section */
		C44AB9162512590B00E08E96 /* Simple Audio Recorder.app */ = {isa = PBXFileReference; explicitFileType = wrapper.application; includeInIndex = 0; path = "Simple Audio Recorder.app"; sourceTree = BUILT_PRODUCTS_DIR; };
		C44AB9192512590B00E08E96 /* AppDelegate.swift */ = {isa = PBXFileReference; lastKnownFileType = sourcecode.swift; path = AppDelegate.swift; sourceTree = "<group>"; };
		C44AB91B2512590B00E08E96 /* SceneDelegate.swift */ = {isa = PBXFileReference; lastKnownFileType = sourcecode.swift; path = SceneDelegate.swift; sourceTree = "<group>"; };
		C44AB91D2512590B00E08E96 /* ViewController.swift */ = {isa = PBXFileReference; lastKnownFileType = sourcecode.swift; path = ViewController.swift; sourceTree = "<group>"; };
		C44AB9202512590B00E08E96 /* Base */ = {isa = PBXFileReference; lastKnownFileType = file.storyboard; name = Base; path = Base.lproj/Main.storyboard; sourceTree = "<group>"; };
		C44AB9252512591400E08E96 /* Base */ = {isa = PBXFileReference; lastKnownFileType = file.storyboard; name = Base; path = Base.lproj/LaunchScreen.storyboard; sourceTree = "<group>"; };
		C44AB9272512591400E08E96 /* Info.plist */ = {isa = PBXFileReference; lastKnownFileType = text.plist.xml; path = Info.plist; sourceTree = "<group>"; };
		C44AB93225125CE300E08E96 /* RecordController.swift */ = {isa = PBXFileReference; lastKnownFileType = sourcecode.swift; path = RecordController.swift; sourceTree = "<group>"; };
		C44AB93525125CF700E08E96 /* AudioListController.swift */ = {isa = PBXFileReference; lastKnownFileType = sourcecode.swift; path = AudioListController.swift; sourceTree = "<group>"; };
		C44AB93825125D2E00E08E96 /* Extention.swift */ = {isa = PBXFileReference; lastKnownFileType = sourcecode.swift; path = Extention.swift; sourceTree = "<group>"; };
		C44AB93A2512623E00E08E96 /* Constants.swift */ = {isa = PBXFileReference; lastKnownFileType = sourcecode.swift; path = Constants.swift; sourceTree = "<group>"; };
		C44AB93C251265AC00E08E96 /* Assets.xcassets */ = {isa = PBXFileReference; lastKnownFileType = folder.assetcatalog; path = Assets.xcassets; sourceTree = "<group>"; };
/* End PBXFileReference section */

/* Begin PBXFrameworksBuildPhase section */
		C44AB9132512590B00E08E96 /* Frameworks */ = {
			isa = PBXFrameworksBuildPhase;
			buildActionMask = 2147483647;
			files = (
			);
			runOnlyForDeploymentPostprocessing = 0;
		};
/* End PBXFrameworksBuildPhase section */

/* Begin PBXGroup section */
		C44AB90D2512590B00E08E96 = {
			isa = PBXGroup;
			children = (
				C44AB9182512590B00E08E96 /* Simple Audio Recorder */,
				C44AB9172512590B00E08E96 /* Products */,
			);
			sourceTree = "<group>";
		};
		C44AB9172512590B00E08E96 /* Products */ = {
			isa = PBXGroup;
			children = (
				C44AB9162512590B00E08E96 /* Simple Audio Recorder.app */,
			);
			name = Products;
			sourceTree = "<group>";
		};
		C44AB9182512590B00E08E96 /* Simple Audio Recorder */ = {
			isa = PBXGroup;
			children = (
				C44AB93725125D2200E08E96 /* Utils */,
				C44AB93025125CA800E08E96 /* ViewModel */,
				C44AB92F25125CA300E08E96 /* Model */,
				C44AB92E25125C9C00E08E96 /* View */,
				C44AB92D25125C9000E08E96 /* Controller */,
				C44AB9192512590B00E08E96 /* AppDelegate.swift */,
				C44AB91B2512590B00E08E96 /* SceneDelegate.swift */,
				C44AB91D2512590B00E08E96 /* ViewController.swift */,
				C44AB93C251265AC00E08E96 /* Assets.xcassets */,
				C44AB91F2512590B00E08E96 /* Main.storyboard */,
				C44AB9242512591400E08E96 /* LaunchScreen.storyboard */,
				C44AB9272512591400E08E96 /* Info.plist */,
			);
			path = "Simple Audio Recorder";
			sourceTree = "<group>";
		};
		C44AB92D25125C9000E08E96 /* Controller */ = {
			isa = PBXGroup;
			children = (
				C44AB93225125CE300E08E96 /* RecordController.swift */,
				C44AB93525125CF700E08E96 /* AudioListController.swift */,
			);
			path = Controller;
			sourceTree = "<group>";
		};
		C44AB92E25125C9C00E08E96 /* View */ = {
			isa = PBXGroup;
			children = (
			);
			path = View;
			sourceTree = "<group>";
		};
		C44AB92F25125CA300E08E96 /* Model */ = {
			isa = PBXGroup;
			children = (
			);
			path = Model;
			sourceTree = "<group>";
		};
		C44AB93025125CA800E08E96 /* ViewModel */ = {
			isa = PBXGroup;
			children = (
			);
			path = ViewModel;
			sourceTree = "<group>";
		};
		C44AB93725125D2200E08E96 /* Utils */ = {
			isa = PBXGroup;
			children = (
				C44AB93825125D2E00E08E96 /* Extention.swift */,
				C44AB93A2512623E00E08E96 /* Constants.swift */,
			);
			path = Utils;
			sourceTree = "<group>";
		};
/* End PBXGroup section */

/* Begin PBXNativeTarget section */
		C44AB9152512590B00E08E96 /* Simple Audio Recorder */ = {
			isa = PBXNativeTarget;
			buildConfigurationList = C44AB92A2512591400E08E96 /* Build configuration list for PBXNativeTarget "Simple Audio Recorder" */;
			buildPhases = (
				C44AB9122512590B00E08E96 /* Sources */,
				C44AB9132512590B00E08E96 /* Frameworks */,
				C44AB9142512590B00E08E96 /* Resources */,
			);
			buildRules = (
			);
			dependencies = (
			);
			name = "Simple Audio Recorder";
			productName = "Simple Audio Recorder";
			productReference = C44AB9162512590B00E08E96 /* Simple Audio Recorder.app */;
			productType = "com.apple.product-type.application";
		};
/* End PBXNativeTarget section */

/* Begin PBXProject section */
		C44AB90E2512590B00E08E96 /* Project object */ = {
			isa = PBXProject;
			attributes = {
				LastSwiftUpdateCheck = 1160;
				LastUpgradeCheck = 1160;
				ORGANIZATIONNAME = "Savely Sakun";
				TargetAttributes = {
					C44AB9152512590B00E08E96 = {
						CreatedOnToolsVersion = 11.6;
					};
				};
			};
			buildConfigurationList = C44AB9112512590B00E08E96 /* Build configuration list for PBXProject "Simple Audio Recorder" */;
			compatibilityVersion = "Xcode 9.3";
			developmentRegion = en;
			hasScannedForEncodings = 0;
			knownRegions = (
				en,
				Base,
			);
			mainGroup = C44AB90D2512590B00E08E96;
			productRefGroup = C44AB9172512590B00E08E96 /* Products */;
			projectDirPath = "";
			projectRoot = "";
			targets = (
				C44AB9152512590B00E08E96 /* Simple Audio Recorder */,
			);
		};
/* End PBXProject section */

/* Begin PBXResourcesBuildPhase section */
		C44AB9142512590B00E08E96 /* Resources */ = {
			isa = PBXResourcesBuildPhase;
			buildActionMask = 2147483647;
			files = (
				C44AB9262512591400E08E96 /* LaunchScreen.storyboard in Resources */,
				C44AB93D251265AC00E08E96 /* Assets.xcassets in Resources */,
				C44AB9212512590B00E08E96 /* Main.storyboard in Resources */,
			);
			runOnlyForDeploymentPostprocessing = 0;
		};
/* End PBXResourcesBuildPhase section */

/* Begin PBXSourcesBuildPhase section */
		C44AB9122512590B00E08E96 /* Sources */ = {
			isa = PBXSourcesBuildPhase;
			buildActionMask = 2147483647;
			files = (
				C44AB93325125CE300E08E96 /* RecordController.swift in Sources */,
				C44AB91E2512590B00E08E96 /* ViewController.swift in Sources */,
				C44AB91A2512590B00E08E96 /* AppDelegate.swift in Sources */,
				C44AB93625125CF700E08E96 /* AudioListController.swift in Sources */,
				C44AB93B2512623E00E08E96 /* Constants.swift in Sources */,
				C44AB93925125D2E00E08E96 /* Extention.swift in Sources */,
				C44AB91C2512590B00E08E96 /* SceneDelegate.swift in Sources */,
			);
			runOnlyForDeploymentPostprocessing = 0;
		};
/* End PBXSourcesBuildPhase section */

/* Begin PBXVariantGroup section */
		C44AB91F2512590B00E08E96 /* Main.storyboard */ = {
			isa = PBXVariantGroup;
			children = (
				C44AB9202512590B00E08E96 /* Base */,
			);
			name = Main.storyboard;
			sourceTree = "<group>";
		};
		C44AB9242512591400E08E96 /* LaunchScreen.storyboard */ = {
			isa = PBXVariantGroup;
			children = (
				C44AB9252512591400E08E96 /* Base */,
			);
			name = LaunchScreen.storyboard;
			sourceTree = "<group>";
		};
/* End PBXVariantGroup section */

/* Begin XCBuildConfiguration section */
		C44AB9282512591400E08E96 /* Debug */ = {
			isa = XCBuildConfiguration;
			buildSettings = {
				ALWAYS_SEARCH_USER_PATHS = NO;
				CLANG_ANALYZER_NONNULL = YES;
				CLANG_ANALYZER_NUMBER_OBJECT_CONVERSION = YES_AGGRESSIVE;
				CLANG_CXX_LANGUAGE_STANDARD = "gnu++14";
				CLANG_CXX_LIBRARY = "libc++";
				CLANG_ENABLE_MODULES = YES;
				CLANG_ENABLE_OBJC_ARC = YES;
				CLANG_ENABLE_OBJC_WEAK = YES;
				CLANG_WARN_BLOCK_CAPTURE_AUTORELEASING = YES;
				CLANG_WARN_BOOL_CONVERSION = YES;
				CLANG_WARN_COMMA = YES;
				CLANG_WARN_CONSTANT_CONVERSION = YES;
				CLANG_WARN_DEPRECATED_OBJC_IMPLEMENTATIONS = YES;
				CLANG_WARN_DIRECT_OBJC_ISA_USAGE = YES_ERROR;
				CLANG_WARN_DOCUMENTATION_COMMENTS = YES;
				CLANG_WARN_EMPTY_BODY = YES;
				CLANG_WARN_ENUM_CONVERSION = YES;
				CLANG_WARN_INFINITE_RECURSION = YES;
				CLANG_WARN_INT_CONVERSION = YES;
				CLANG_WARN_NON_LITERAL_NULL_CONVERSION = YES;
				CLANG_WARN_OBJC_IMPLICIT_RETAIN_SELF = YES;
				CLANG_WARN_OBJC_LITERAL_CONVERSION = YES;
				CLANG_WARN_OBJC_ROOT_CLASS = YES_ERROR;
				CLANG_WARN_RANGE_LOOP_ANALYSIS = YES;
				CLANG_WARN_STRICT_PROTOTYPES = YES;
				CLANG_WARN_SUSPICIOUS_MOVE = YES;
				CLANG_WARN_UNGUARDED_AVAILABILITY = YES_AGGRESSIVE;
				CLANG_WARN_UNREACHABLE_CODE = YES;
				CLANG_WARN__DUPLICATE_METHOD_MATCH = YES;
				COPY_PHASE_STRIP = NO;
				DEBUG_INFORMATION_FORMAT = dwarf;
				ENABLE_STRICT_OBJC_MSGSEND = YES;
				ENABLE_TESTABILITY = YES;
				GCC_C_LANGUAGE_STANDARD = gnu11;
				GCC_DYNAMIC_NO_PIC = NO;
				GCC_NO_COMMON_BLOCKS = YES;
				GCC_OPTIMIZATION_LEVEL = 0;
				GCC_PREPROCESSOR_DEFINITIONS = (
					"DEBUG=1",
					"$(inherited)",
				);
				GCC_WARN_64_TO_32_BIT_CONVERSION = YES;
				GCC_WARN_ABOUT_RETURN_TYPE = YES_ERROR;
				GCC_WARN_UNDECLARED_SELECTOR = YES;
				GCC_WARN_UNINITIALIZED_AUTOS = YES_AGGRESSIVE;
				GCC_WARN_UNUSED_FUNCTION = YES;
				GCC_WARN_UNUSED_VARIABLE = YES;
				IPHONEOS_DEPLOYMENT_TARGET = 13.6;
				MTL_ENABLE_DEBUG_INFO = INCLUDE_SOURCE;
				MTL_FAST_MATH = YES;
				ONLY_ACTIVE_ARCH = YES;
				SDKROOT = iphoneos;
				SWIFT_ACTIVE_COMPILATION_CONDITIONS = DEBUG;
				SWIFT_OPTIMIZATION_LEVEL = "-Onone";
			};
			name = Debug;
		};
		C44AB9292512591400E08E96 /* Release */ = {
			isa = XCBuildConfiguration;
			buildSettings = {
				ALWAYS_SEARCH_USER_PATHS = NO;
				CLANG_ANALYZER_NONNULL = YES;
				CLANG_ANALYZER_NUMBER_OBJECT_CONVERSION = YES_AGGRESSIVE;
				CLANG_CXX_LANGUAGE_STANDARD = "gnu++14";
				CLANG_CXX_LIBRARY = "libc++";
				CLANG_ENABLE_MODULES = YES;
				CLANG_ENABLE_OBJC_ARC = YES;
				CLANG_ENABLE_OBJC_WEAK = YES;
				CLANG_WARN_BLOCK_CAPTURE_AUTORELEASING = YES;
				CLANG_WARN_BOOL_CONVERSION = YES;
				CLANG_WARN_COMMA = YES;
				CLANG_WARN_CONSTANT_CONVERSION = YES;
				CLANG_WARN_DEPRECATED_OBJC_IMPLEMENTATIONS = YES;
				CLANG_WARN_DIRECT_OBJC_ISA_USAGE = YES_ERROR;
				CLANG_WARN_DOCUMENTATION_COMMENTS = YES;
				CLANG_WARN_EMPTY_BODY = YES;
				CLANG_WARN_ENUM_CONVERSION = YES;
				CLANG_WARN_INFINITE_RECURSION = YES;
				CLANG_WARN_INT_CONVERSION = YES;
				CLANG_WARN_NON_LITERAL_NULL_CONVERSION = YES;
				CLANG_WARN_OBJC_IMPLICIT_RETAIN_SELF = YES;
				CLANG_WARN_OBJC_LITERAL_CONVERSION = YES;
				CLANG_WARN_OBJC_ROOT_CLASS = YES_ERROR;
				CLANG_WARN_RANGE_LOOP_ANALYSIS = YES;
				CLANG_WARN_STRICT_PROTOTYPES = YES;
				CLANG_WARN_SUSPICIOUS_MOVE = YES;
				CLANG_WARN_UNGUARDED_AVAILABILITY = YES_AGGRESSIVE;
				CLANG_WARN_UNREACHABLE_CODE = YES;
				CLANG_WARN__DUPLICATE_METHOD_MATCH = YES;
				COPY_PHASE_STRIP = NO;
				DEBUG_INFORMATION_FORMAT = "dwarf-with-dsym";
				ENABLE_NS_ASSERTIONS = NO;
				ENABLE_STRICT_OBJC_MSGSEND = YES;
				GCC_C_LANGUAGE_STANDARD = gnu11;
				GCC_NO_COMMON_BLOCKS = YES;
				GCC_WARN_64_TO_32_BIT_CONVERSION = YES;
				GCC_WARN_ABOUT_RETURN_TYPE = YES_ERROR;
				GCC_WARN_UNDECLARED_SELECTOR = YES;
				GCC_WARN_UNINITIALIZED_AUTOS = YES_AGGRESSIVE;
				GCC_WARN_UNUSED_FUNCTION = YES;
				GCC_WARN_UNUSED_VARIABLE = YES;
				IPHONEOS_DEPLOYMENT_TARGET = 13.6;
				MTL_ENABLE_DEBUG_INFO = NO;
				MTL_FAST_MATH = YES;
				SDKROOT = iphoneos;
				SWIFT_COMPILATION_MODE = wholemodule;
				SWIFT_OPTIMIZATION_LEVEL = "-O";
				VALIDATE_PRODUCT = YES;
			};
			name = Release;
		};
		C44AB92B2512591400E08E96 /* Debug */ = {
			isa = XCBuildConfiguration;
			buildSettings = {
				ASSETCATALOG_COMPILER_APPICON_NAME = AppIcon;
				CODE_SIGN_STYLE = Automatic;
				DEVELOPMENT_TEAM = 6389Z2D8J8;
				INFOPLIST_FILE = "Simple Audio Recorder/Info.plist";
				LD_RUNPATH_SEARCH_PATHS = (
					"$(inherited)",
					"@executable_path/Frameworks",
				);
				PRODUCT_BUNDLE_IDENTIFIER = "com.sawkin.Simple-Audio-Recorder";
				PRODUCT_NAME = "$(TARGET_NAME)";
				SWIFT_VERSION = 5.0;
				TARGETED_DEVICE_FAMILY = "1,2";
			};
			name = Debug;
		};
		C44AB92C2512591400E08E96 /* Release */ = {
			isa = XCBuildConfiguration;
			buildSettings = {
				ASSETCATALOG_COMPILER_APPICON_NAME = AppIcon;
				CODE_SIGN_STYLE = Automatic;
				DEVELOPMENT_TEAM = 6389Z2D8J8;
				INFOPLIST_FILE = "Simple Audio Recorder/Info.plist";
				LD_RUNPATH_SEARCH_PATHS = (
					"$(inherited)",
					"@executable_path/Frameworks",
				);
				PRODUCT_BUNDLE_IDENTIFIER = "com.sawkin.Simple-Audio-Recorder";
				PRODUCT_NAME = "$(TARGET_NAME)";
				SWIFT_VERSION = 5.0;
				TARGETED_DEVICE_FAMILY = "1,2";
			};
			name = Release;
		};
/* End XCBuildConfiguration section */

/* Begin XCConfigurationList section */
		C44AB9112512590B00E08E96 /* Build configuration list for PBXProject "Simple Audio Recorder" */ = {
			isa = XCConfigurationList;
			buildConfigurations = (
				C44AB9282512591400E08E96 /* Debug */,
				C44AB9292512591400E08E96 /* Release */,
			);
			defaultConfigurationIsVisible = 0;
			defaultConfigurationName = Release;
		};
		C44AB92A2512591400E08E96 /* Build configuration list for PBXNativeTarget "Simple Audio Recorder" */ = {
			isa = XCConfigurationList;
			buildConfigurations = (
				C44AB92B2512591400E08E96 /* Debug */,
				C44AB92C2512591400E08E96 /* Release */,
			);
			defaultConfigurationIsVisible = 0;
			defaultConfigurationName = Release;
		};
/* End XCConfigurationList section */
	};
	rootObject = C44AB90E2512590B00E08E96 /* Project object */;
}
